{
  "name": "qcobjects-cli",
  "version": "0.0.1",
  "lockfileVersion": 1,
  "requires": true,
  "dependencies": {
    "qcobjects": {
      "version": "2.1.122",
      "resolved": "https://registry.npmjs.org/qcobjects/-/qcobjects-2.1.122.tgz",
      "integrity": "sha512-A9v/y5NkE/QAlS8QuK/SConAzOthT1rbML5El2TNp15S7PLZFW54FrvksbiOtJwWWgyPqqkTTdLxgBnTVAfeVQ==",
      "requires": {
        "qcobjects-sdk": "^0.0.114"
      }
    },
    "qcobjects-sdk": {
      "version": "0.0.114",
      "resolved": "https://registry.npmjs.org/qcobjects-sdk/-/qcobjects-sdk-0.0.114.tgz",
      "integrity": "sha512-BxHKu7YGsMOM8OQeL70GCo96UhGwXJBmRo4CDNfUNFf8MYEaAlM3Dj2llgGRO8w/TGxYrAmQMDUdqQ3EldBW4g=="
    }
  }
}
